hash: 96be98f36a954a500c0ac993436dddec81988aacbde74449bd9d62d1ca18b4fd
updated: 2018-11-12T14:55:37.3441687+08:00
imports:
- name: github.com/juju/go4
  version: 40d72ab9641a2a8c36a9c46a51e28367115c8e59
  subpackages:
  - lock
- name: github.com/juju/persistent-cookiejar
  version: d5e5a8405ef9633c84af42fbcc734ec8dd73c198
- name: github.com/sclevine/agouti
  version: 5e39ce136dd6bafe76094887339bed399ad23a9d
  subpackages:
  - api
  - api/internal/bus
  - api/internal/service
  - internal/element
  - internal/target
- name: golang.org/x/net
  version: 03003ca0c849e57b6ea29a4bab8d3cb6e4d568fe
  subpackages:
  - publicsuffix
- name: gopkg.in/errgo.v1
  version: b20caedf0710d0988e92b5f2d76843ad1f231f2d
- name: gopkg.in/retry.v1
  version: 87155f248cf6ea9e38ae7613f9ea1e5bb397ac83
testImports: []
