hash: 2c7ee15e5f4725a67808be888f6856bcb3e63ebc9aa753e76ea8a3e963e4745f
updated: 2017-04-27T18:27:59.4556143+08:00
imports:
- name: github.com/funny/link
  version: 4c3ad4ff4295b1feea87eebb3f99c9b927a3c78c
  subpackages:
  - codec
- name: github.com/funny/utest
  version: 43870a37450048a2862e573cfcc7914fd7671c8a
testImports: []
