hash: 4ff8313131091ec903535b3361b59af09fb62d8671e9b9e5cc20e68bebe29c93
updated: 2017-11-30T17:37:25.593507+08:00
imports:
- name: github.com/bitly/go-simplejson
  version: 0c965951289cce37dec52ad1f34200fefc816777
- name: github.com/going/toolkit
  version: 5bff591dc40da25dcc875d3fa1a3373d74d45411
  subpackages:
  - dig
  - to
- name: github.com/golang/glog
  version: 23def4e6c14b4da8ac2ed8007337bc5eb5007998
- name: github.com/gosexy/to
  version: c20e083e31230b84ffa23c5d2fb0bc55f5292681
- name: github.com/xiocode/weigo
  version: 65f979f9ef5162a3336dd28a1fe8f1d753c4d3bf
testImports: []
