hash: 8b3f33114a13e0545937e23aee71d351346396a451e43aa649a78311cd52e195
updated: 2018-06-25T18:33:17.6739628+08:00
imports:
- name: github.com/golang/snappy
  version: 2e65f85255dbc3072edf28d6b5b8efc472979f5a
- name: github.com/mailru/easyjson
  version: 3fdea8d05856a0c8df22ed4bc71b3219245e4485
  subpackages:
  - buffer
  - jlexer
  - jwriter
- name: github.com/nsqio/go-nsq
  version: be2eb35667954359e06a56f76dd629c54895b8b9
- name: github.com/pkg/errors
  version: 816c9085562cd7ee03e7f8188a1cfd942858cded
- name: gopkg.in/olivere/elastic.v5
  version: b708306d715bea9b983685e94ab4602cdc9f988b
  subpackages:
  - config
  - uritemplates
testImports: []
