hash: ee7159a5a531888d396bfce80730db795fc3521d5b6a7f33c837bd0b793ee588
updated: 2019-02-16T15:47:56.8073629+08:00
imports:
- name: github.com/go-sql-driver/mysql
  version: d523deb1b23d913de5bdada721a6071e71283618
- name: github.com/go-xorm/builder
  version: 1d658d7596c25394aab557ef5b50ef35bf706384
- name: github.com/go-xorm/core
  version: ccc80c1adf1f6172bbc548877f50a1163041a40a
- name: github.com/go-xorm/xorm
  version: e410f04aaf2db78083222488e35a0cff3b0ca2f1
- name: google.golang.org/appengine
  version: 54a98f90d1c46b7731eb8fb305d2a321c30ef610
  subpackages:
  - cloudsql
testImports: []
