hash: 7e16ef4ce3cfa966edf3265bb96b4132503fd9cf62b663e94a46a52805149ff4
updated: 2019-03-06T19:10:19.401549+08:00
imports:
- name: github.com/uber-go/zap
  version: d2a364dac1d9b70c651d9f47381c5912361e5596
- name: go.uber.org/atomic
  version: 5328d69c76a98d1d21c773653a5a78fa28d89921
- name: go.uber.org/multierr
  version: ddea229ff1dff9e6fe8a6c0344ac73b09e81fce5
- name: go.uber.org/zap
  version: d2a364dac1d9b70c651d9f47381c5912361e5596
  subpackages:
  - buffer
  - internal/bufferpool
  - internal/color
  - internal/exit
  - zapcore
testImports: []
