hash: ff74f552f031acbc1fa56366717a47321b95b1736a2d9626f54d053b4a366f23
updated: 2017-06-30T16:31:22.4558148+08:00
imports:
- name: github.com/mreiferson/go-snappystream
  version: 028eae7ab5c4c9e2d1cb4c4ca1e53259bbe7e504
  subpackages:
  - snappy-go
- name: github.com/nsqio/go-nsq
  version: d71fb89c9e0263aaed89645b0b168e11ccf597b1
testImports: []
