hash: 9a44f5c6a5bf53884f5b238e4de863acf3dc2eab4891935c571df29ffb7cd97d
updated: 2019-06-06T14:38:54.483908+08:00
imports:
- name: github.com/andybalholm/cascadia
  version: 680b6a57bda4f657485ad44bdea42342ead737bc
- name: github.com/antchfx/htmlquery
  version: b8d36292614567671decfe6f96c7b8c432d3249b
- name: github.com/antchfx/xmlquery
  version: e401210509ad0f0492855c2066285c790860bd38
- name: github.com/antchfx/xpath
  version: ce1d48779e67a1ddfb380995fe532b2e0015919c
- name: github.com/gobwas/glob
  version: e7a84e9525fe90abcda167b604e483cc959ad4aa
  subpackages:
  - compiler
  - match
  - syntax
  - syntax/ast
  - syntax/lexer
  - util/runes
  - util/strings
- name: github.com/gocolly/colly
  version: d360e4bd7c2735a0349af154d1857b22cb84f492
  subpackages:
  - debug
  - storage
- name: github.com/golang/protobuf
  version: b285ee9cfc6c881bb20c0d8dc73370ea9b9ec90f
  subpackages:
  - proto
- name: github.com/kennygrant/sanitize
  version: 06ec0d0dbcd497d01e5189b16f5263f712e61a8e
- name: github.com/PuerkitoBio/goquery
  version: 3dcf72e6c17f694381a21592651ca1464ded0e10
- name: github.com/saintfish/chardet
  version: 3af4cd4741ca4f3eb0c407c034571a6fb0ea529c
- name: github.com/temoto/robotstxt
  version: 97ee4a9ee6ea01ed0bbf0325dd789f74cac6cb94
- name: golang.org/x/net
  version: 60506f45cf65977eb3a9c6e30f995f54a721c271
  subpackages:
  - context
  - html
  - html/atom
  - html/charset
- name: golang.org/x/text
  version: 342b2e1fbaa52c93f31447ad2c6abc048c63e475
  subpackages:
  - encoding
  - encoding/charmap
  - encoding/htmlindex
  - encoding/internal
  - encoding/internal/identifier
  - encoding/japanese
  - encoding/korean
  - encoding/simplifiedchinese
  - encoding/traditionalchinese
  - encoding/unicode
  - internal/language
  - internal/language/compact
  - internal/tag
  - internal/utf8internal
  - language
  - runes
  - transform
- name: google.golang.org/appengine
  version: de285f9b71d302e953472c27f2152dfe8fac5195
  subpackages:
  - internal
  - internal/base
  - internal/datastore
  - internal/log
  - internal/remote_api
  - internal/urlfetch
  - urlfetch
testImports: []
