hash: e977c351d3c81dcdf5ba90355eaf7fed2fd5ecdb5c96f61086ff22fe9b609034
updated: 2019-02-14T13:56:57.3622304+08:00
imports:
- name: github.com/DataDog/zstd
  version: 1e382f59b41eebd6f592c5db4fd1958ec38a0eba
- name: github.com/davecgh/go-spew
  version: d8f796af33cc11cb798c1aaeb27a4ebc5099927d
  subpackages:
  - spew
- name: github.com/eapache/go-resiliency
  version: 842e16ec2c98ef0c59eebfe60d2d3500a793ba19
  subpackages:
  - breaker
- name: github.com/eapache/go-xerial-snappy
  version: 776d5712da21bc4762676d614db1d8a64f4238b0
- name: github.com/eapache/queue
  version: 093482f3f8ce946c05bcba64badd2c82369e084d
- name: github.com/golang/snappy
  version: 2e65f85255dbc3072edf28d6b5b8efc472979f5a
- name: github.com/pierrec/lz4
  version: 473cd7ce01a1113208073166464b98819526150e
  subpackages:
  - internal/xxh32
- name: github.com/rcrowley/go-metrics
  version: 3113b8401b8a98917cde58f8bbd42a1b1c03b1fd
- name: github.com/Shopify/sarama
  version: ba151e16de3be74be325c82d88a94030b783ad58
testImports: []
