hash: 764c878409828f7ddd6cf32494bc67c2cd3b85aa3eeb0c7add7f5f9b56b0ae7b
updated: 2018-07-30T16:22:32.941605+08:00
imports:
- name: github.com/henrylee2cn/goutil
  version: 8d407b0f76f7fa590e79e5769d3baf98dc652d52
- name: github.com/henrylee2cn/surfer
  version: 9eda92006b7d311e7b6cd17e394e4b9d12043dd9
- name: golang.org/x/net
  version: c4299a1a0d8524c11563db160fbf9bddbceadb21
  subpackages:
  - html
  - html/atom
  - html/charset
- name: golang.org/x/text
  version: 0605a8320aceb4207a5fb3521281e17ec2075476
  subpackages:
  - encoding
  - encoding/charmap
  - encoding/htmlindex
  - encoding/internal
  - encoding/internal/identifier
  - encoding/japanese
  - encoding/korean
  - encoding/simplifiedchinese
  - encoding/traditionalchinese
  - encoding/unicode
  - internal/language
  - internal/language/compact
  - internal/tag
  - internal/utf8internal
  - language
  - runes
  - transform
testImports: []
