hash: 5659c0ba889edaee405f630fd7f719131cd6a1939b84836be5e10506293c11e7
updated: 2017-08-25T14:23:04.0081955+08:00
imports:
- name: github.com/pkg/errors
  version: 645ef00459ed84a119197bfb8d8205042c6df63d
- name: gopkg.in/olivere/elastic.v5
  version: edbef41beaacc2ee95e61af8faff04e67c01e268
  subpackages:
  - config
  - uritemplates
testImports: []
