hash: c122b76989aa334224774217441367679e9da9943c8a1597be61ede1e5f1d3fa
updated: 2017-05-12T12:26:00.5080362+08:00
imports:
- name: github.com/tidwall/gjson
  version: 0623bd8fbdbf97cc62b98d15108832851a658e59
- name: github.com/tidwall/match
  version: 173748da739a410c5b0b813b956f89ff94730b4c
testImports: []
