hash: 008c2fdd52dd122de3850e27c6e0d7ea12d86b65634e2f33458891ca6049f0dd
updated: 2017-06-04T13:52:08.6512304+08:00
imports:
- name: github.com/disintegration/imaging
  version: ac27d1805a555e1754fa177216ee07f4e63c30b5
- name: github.com/gorilla/websocket
  version: a91eba7f97777409bc2c443f5534d41dd20c5720
- name: github.com/knq/chromedp
  version: d2a7882b937cdaa958f2426ab60a4f162b811129
  subpackages:
  - cdp
  - cdp/accessibility
  - cdp/animation
  - cdp/applicationcache
  - cdp/browser
  - cdp/cachestorage
  - cdp/cdputil
  - cdp/css
  - cdp/database
  - cdp/debugger
  - cdp/dom
  - cdp/domdebugger
  - cdp/domstorage
  - cdp/emulation
  - cdp/heapprofiler
  - cdp/indexeddb
  - cdp/input
  - cdp/inspector
  - cdp/io
  - cdp/layertree
  - cdp/log
  - cdp/memory
  - cdp/network
  - cdp/overlay
  - cdp/page
  - cdp/profiler
  - cdp/runtime
  - cdp/schema
  - cdp/security
  - cdp/serviceworker
  - cdp/systeminfo
  - cdp/target
  - cdp/tethering
  - cdp/tracing
  - client
  - kb
  - runner
- name: github.com/knq/sysutil
  version: 7e40594fdcf82ff8690358447b0b4e26558897d6
- name: github.com/mailru/easyjson
  version: 44c0351a5bc860bcb2608d54aa03ea686c4e7b25
  subpackages:
  - buffer
  - jlexer
  - jwriter
- name: golang.org/x/image
  version: 426cfd8eeb6e08ab1932954e09e3c2cb2bc6e36d
  subpackages:
  - bmp
  - tiff
  - tiff/lzw
- name: golang.org/x/image/
  version: 426cfd8eeb6e08ab1932954e09e3c2cb2bc6e36d
testImports: []
