hash: 230023c304989178fca46717afaccf00408287c7d2364c2e106f2ab3724ec9ce
updated: 2017-06-01T11:43:39.7325785+08:00
imports:
- name: github.com/faiface/glhf
  version: 923f2bf282f2c95b7f6fdea3c13fef9e1f3198c4
- name: github.com/faiface/mainthread
  version: 7127dc8993886d1ce799086ff298ff99bf258fbf
- name: github.com/faiface/pixel
  version: 4b7553cd73d038f46306a2f6da7a55c5c00a4da3
  subpackages:
  - imdraw
  - pixelgl
  - text
- name: github.com/go-gl/gl
  version: 887577e03012940ff715b6af70a9ea1b9f9e60bb
  subpackages:
  - v3.3-core/gl
- name: github.com/go-gl/glfw
  version: 45517cf5568747f99bb4b0b4abae9fa3cd5f85ed
  subpackages:
  - v3.2/glfw
- name: github.com/go-gl/mathgl
  version: 9e3ea3e806141087fbb83a8a8e7038bf73eff120
  subpackages:
  - mgl32
  - mgl64
- name: github.com/golang/freetype
  version: bcfeb16b74e8aea9e2fe043406f2ef74b1cb0759
  subpackages:
  - raster
  - truetype
- name: github.com/pkg/errors
  version: 645ef00459ed84a119197bfb8d8205042c6df63d
- name: golang.org/x/image
  version: 426cfd8eeb6e08ab1932954e09e3c2cb2bc6e36d
  subpackages:
  - colornames
  - font
  - font/gofont/gobold
  - font/gofont/goitalic
  - font/gofont/goregular
  - math/f32
  - math/f64
  - math/fixed
testImports: []
