hash: e5b03f3f437364fc6668d930901bd6016911f79d8c58b6c140b37cf34e95de58
updated: 2017-06-13T13:18:51.7654415+08:00
imports:
- name: github.com/disintegration/imaging
  version: ac27d1805a555e1754fa177216ee07f4e63c30b5
- name: github.com/gorilla/websocket
  version: 3ab3a8b8831546bd18fd182c20687ca853b2bb13
- name: github.com/knq/chromedp
  version: 74075d513f49e85e038579860ddf58b60d2ac96a
  subpackages:
  - cdp
  - cdp/accessibility
  - cdp/animation
  - cdp/applicationcache
  - cdp/browser
  - cdp/cachestorage
  - cdp/cdputil
  - cdp/css
  - cdp/database
  - cdp/debugger
  - cdp/dom
  - cdp/domdebugger
  - cdp/domstorage
  - cdp/emulation
  - cdp/heapprofiler
  - cdp/indexeddb
  - cdp/input
  - cdp/inspector
  - cdp/io
  - cdp/layertree
  - cdp/log
  - cdp/memory
  - cdp/network
  - cdp/overlay
  - cdp/page
  - cdp/profiler
  - cdp/runtime
  - cdp/schema
  - cdp/security
  - cdp/serviceworker
  - cdp/systeminfo
  - cdp/target
  - cdp/tethering
  - cdp/tracing
  - client
  - kb
  - runner
- name: github.com/knq/sysutil
  version: 7e40594fdcf82ff8690358447b0b4e26558897d6
- name: github.com/mailru/easyjson
  version: 44c0351a5bc860bcb2608d54aa03ea686c4e7b25
  subpackages:
  - buffer
  - jlexer
  - jwriter
- name: golang.org/x/image
  version: 426cfd8eeb6e08ab1932954e09e3c2cb2bc6e36d
  subpackages:
  - bmp
  - tiff
  - tiff/lzw
testImports: []
