hash: 69f82c58fa18f2fdf18143a3eb18b7353dfb75fff5c4a054b3ff4f49859e9e6a
updated: 2018-09-03T12:19:24.3054768+08:00
imports:
- name: github.com/sclevine/agouti
  version: 5e39ce136dd6bafe76094887339bed399ad23a9d
  subpackages:
  - api
  - api/internal/bus
  - api/internal/service
  - internal/element
  - internal/target
testImports: []
