hash: bc739872a1016649ff436cff68ebd5b73f033dd737ef12dc8d105fc2feca689d
updated: 2018-01-08T15:15:37.2050148+08:00
imports:
- name: github.com/abbot/go-http-auth
  version: b6a92f468f2b01961e796d20e3ec5bbb8a8297d6
- name: golang.org/x/crypto
  version: 0fcca4842a8d74bfddc2c96a073bd2a4d2a7a2e8
  subpackages:
  - bcrypt
  - blowfish
- name: golang.org/x/net
  version: 42fe2e1c20de1054d3d30f82cc9fb5b41e2e3767
  subpackages:
  - context
testImports: []
