hash: e4200eea4f9cfa3e9c2e80788f153d7684f0a3c93b9db32d4eb091c5d805bef5
updated: 2017-10-05T12:38:48.1525743+08:00
imports:
- name: github.com/tidwall/gjson
  version: 5a69e67cfd8f6f9b0044ed49f5079d0eeed28653
- name: github.com/tidwall/match
  version: 1731857f09b1f38450e2c12409748407822dc6be
testImports: []
