hash: 0b9371c6fa235c4d9d993cd44268287f600f954197cd3cbfde6afb383460190e
updated: 2017-05-13T16:29:33.7299253+08:00
imports:
- name: github.com/benmanns/goworker
  version: 36e605a9e15a8a1d99ddacc079dd178758aa1db5
- name: github.com/cihub/seelog
  version: d2c6e5aa9fbfdd1c624e140287063c7730654115
- name: github.com/garyburd/redigo
  version: 433969511232c397de61b1442f9fd49ec06ae9ba
  subpackages:
  - internal
  - redis
- name: github.com/golang/glog
  version: 23def4e6c14b4da8ac2ed8007337bc5eb5007998
- name: github.com/youtube/vitess
  version: 9dbb13eced3a5c9e2f685a4aa0e0d6a2cea0f8b1
  subpackages:
  - go/acl
  - go/cache
  - go/pools
  - go/sync2
- name: golang.org/x/net
  version: 84f0e6f92b10139f986b1756e149a7d9de270cdc
  subpackages:
  - context
testImports: []
