hash: e3b987743a5525c561af2b639dae721239a952ee707c4a365be677d1204bb4ca
updated: 2018-11-21T14:37:40.6740978+08:00
imports:
- name: github.com/spaolacci/murmur3
  version: f09979ecbc725b9e6d41a297405f65e7e8804acc
- name: github.com/willf/bitset
  version: 71fa2377963fc761fc6556dd5895dff5816d4e8c
- name: github.com/willf/bloom
  version: 54e3b963ee1652b06c4562cb9b6020ebc6e36e59
testImports: []
