hash: 9ebed73c54bd8da98fb8cc705549cde2251b77f6e23272606efaff8a3dbc1bc8
updated: 2017-04-25T20:00:24.9426378+08:00
imports:
- name: github.com/funny/crypto
  version: d0152d76d92aa73df44de7935d11d1f6390a2a30
- name: github.com/funny/snet
  version: c3be73502963cf32c806779b29fbc7ba9d818099
- name: github.com/funny/utest
  version: 43870a37450048a2862e573cfcc7914fd7671c8a
testImports: []
