hash: 03ed37e9c935c5f689ae052e8dbfc0c94e5ccc42262f488ea0a266e45c84d55c
updated: 2019-03-23T23:17:36.7400202+08:00
imports:
- name: github.com/mailru/easyjson
  version: 1de009706dbeb9d05f18586f0735fcdb7c524481
  subpackages:
  - buffer
  - jlexer
  - jwriter
- name: github.com/olivere/elastic
  version: f82cf7c66881f3f18d0354a68086e9aa2f9a48d1
  subpackages:
  - config
  - uritemplates
- name: github.com/pkg/errors
  version: 27936f6d90f9c8e1145f11ed52ffffbfdb9e0af7
testImports: []
