hash: 1d1cbe2b05c3ccca461d75c9fc749113d7d3eaa58e3c39c72f89d368de5106a2
updated: 2018-10-24T10:52:29.5239102+08:00
imports:
- name: github.com/blang/semver
  version: 3c1074078d32d767e08ab2c8564867292da86926
- name: github.com/tebeka/selenium
  version: edf31bb7fd715ad505d9190f8d65d13f39a7c825
  subpackages:
  - chrome
  - firefox
  - internal/zip
  - log
testImports: []
