github.com/liguoqinjim/m3u v0.0.0-20231208061054-30594cefe816 h1:3vqZzIpysjVluUScXwgYRATge3bU7PLUtLSZX6uyv/A=
github.com/liguoqinjim/m3u v0.0.0-20231208061054-30594cefe816/go.mod h1:fcQYh/DVkREwSsHxDEq7m2t2VqSfmHKYhKcEpt6N4mA=
github.com/liguoqinjim/m3u v0.0.0-20231208061717-4cb7bc9a9479 h1:++zzkvDjDQhezOogga5RIUMHwH011+z4/7QRnCKwgUM=
github.com/liguoqinjim/m3u v0.0.0-20231208061717-4cb7bc9a9479/go.mod h1:fcQYh/DVkREwSsHxDEq7m2t2VqSfmHKYhKcEpt6N4mA=
