github.com/google/uuid v1.1.1 h1:Gkbcsh/GbpXz7lPftLA3P6TYMwjCLYm83jiFQZF/3gY=
github.com/google/uuid v1.1.1/go.mod h1:TIyPZe4MgqvfeYDBFedMoGGpEw/LqOeaOT+nhxU+yHo=
github.com/lithammer/shortuuid v1.0.0 h1:kdcbvjGVEgqeVeDIRtnANOi/F6ftbKrtbxY+cjQmK1Q=
github.com/lithammer/shortuuid v3.0.0+incompatible h1:NcD0xWW/MZYXEHa6ITy6kaXN5nwm/V115vj2YXfhS0w=
github.com/lithammer/shortuuid/v3 v3.0.4 h1:uj4xhotfY92Y1Oa6n6HUiFn87CdoEHYUlTy0+IgbLrs=
github.com/lithammer/shortuuid/v3 v3.0.4/go.mod h1:RviRjexKqIzx/7r1peoAITm6m7gnif/h+0zmolKJjzw=
