hash: 3f774c348521f2b302f0c1cab2faa5a7504bc01bd0a505262b5983b208f7f1ec
updated: 2018-01-08T10:47:36.6891624+08:00
imports:
- name: github.com/gogo/protobuf
  version: 160de10b2537169b5ae3e7e221d28269ef40d311
  subpackages:
  - proto
- name: github.com/henrylee2cn/cfgo
  version: fb6bf70438343ba76aa3dfb7b341460fcd3c2057
- name: github.com/henrylee2cn/go-logging
  version: 1dd3379c0a4c243afdd37d2faa8f258b02bd67f5
  subpackages:
  - color
- name: github.com/henrylee2cn/goutil
  version: cd89bd941066b6681cfa5ee59f5f661a342b2d09
  subpackages:
  - coarsetime
  - errors
  - graceful
  - graceful/inherit_net
  - pool
- name: github.com/henrylee2cn/teleport
  version: 88dffd8973657cb6eb6e5aa86a228b5b6c70f37e
  subpackages:
  - codec
  - socket
  - utils
  - xfer
- name: github.com/tidwall/gjson
  version: 5cd723d566400bc7ac450eb0c5b9edbb75a70750
- name: github.com/tidwall/match
  version: 1731857f09b1f38450e2c12409748407822dc6be
- name: golang.org/x/sys
  version: 1792d66dc88e503d3cb2400578221cdf1f7fe26f
  subpackages:
  - unix
- name: gopkg.in/yaml.v2
  version: c4a9fb418357aceb801272d73efd518f183700fa
testImports: []
