hash: 56a51944f39d20ab37ad5cf909a8d80eb7101bdefa79df26c3559be041ef3250
updated: 2018-01-17T17:54:22.415928+08:00
imports:
- name: github.com/certifi/gocertifi
  version: a4ab0227d360091084658029ec8ae45f989fba3e
- name: github.com/getsentry/raven-go
  version: 32a13797442ccb601b11761d74232773c1402d14
- name: github.com/pkg/errors
  version: e881fd58d78e04cf6d0de1217f8707c8cc2249bc
testImports: []
