hash: 2dc6f5ac75b33cc69cf97209451c8da4ac35d8a1f8f90813d14e024d4f8203cb
updated: 2017-08-24T14:14:31.2085741+08:00
imports:
- name: github.com/pkg/errors
  version: 645ef00459ed84a119197bfb8d8205042c6df63d
- name: gopkg.in/olivere/elastic.v5
  version: edbef41beaacc2ee95e61af8faff04e67c01e268
  subpackages:
  - config
  - uritemplates
testImports: []
