hash: f011c628e84e2e1091bab47a415f434299f696f5bcb975dc063ed9430342a04e
updated: 2017-06-14T10:21:53.8934296+08:00
imports:
- name: github.com/andybalholm/cascadia
  version: 349dd0209470eabd9514242c688c403c0926d266
- name: github.com/PuerkitoBio/goquery
  version: 2dc93891ab3bcc1dbc2cbf9bc6376c37f6e6f289
- name: golang.org/x/net
  version: dfe83d419c9403b40b19d08cdba2afec27b002f7
  subpackages:
  - html
  - html/atom
testImports: []
