hash: d9adfc97634951da4b7821734ff5b9461eab52f6a166d9233cfabfe9ce210a69
updated: 2017-05-12T15:08:23.8460026+08:00
imports:
- name: github.com/tidwall/gjson
  version: 0623bd8fbdbf97cc62b98d15108832851a658e59
- name: github.com/tidwall/match
  version: 173748da739a410c5b0b813b956f89ff94730b4c
testImports: []
