hash: aaea13a75179039290e15d4dec6e8575fb930106b3d54a1aa89c8d681b22fb9d
updated: 2017-06-29T11:01:21.6825295+08:00
imports:
- name: github.com/funny/slab
  version: 7c6981bd0e511e324ed89aa209b623a8ef6f0486
- name: github.com/funny/utest
  version: 43870a37450048a2862e573cfcc7914fd7671c8a
testImports: []
