hash: 6ce147ba75a7e878bfa6139501e47c94ac732ef330e5d36e9cf9321eb55bdf54
updated: 2018-12-27T11:45:10.966374+08:00
imports:
- name: github.com/go-redis/redis
  version: c7d2ae66a004395d3420f640372791d1a002e6a6
  subpackages:
  - internal
  - internal/consistenthash
  - internal/hashtag
  - internal/pool
  - internal/proto
  - internal/singleflight
  - internal/util
testImports: []
