hash: 65754c237a56301eac0d004e6bef7b150448a640fc583a6eee9f52912eeb221b
updated: 2017-09-26T17:15:35.4699375+08:00
imports:
- name: github.com/erikstmartin/go-testdb
  version: 8d10e4a1bae52cd8b81ffdec3445890d6dccab3d
- name: github.com/kellydunn/golang-geo
  version: 6f16b0ccf2a6ebd1a234daacfb6199510fbd0db4
- name: github.com/kylelemons/go-gypsy
  version: 08cad365cd28a7fba23bb1e57aa43c5e18ad8bb8
  subpackages:
  - yaml
- name: github.com/lib/pq
  version: b77235e3890a962fe8a6f8c4c7198679ca7814e7
  subpackages:
  - oid
- name: github.com/ziutek/mymysql
  version: 1d19cbf98d83564cc561192ae7d7183d795f7ac7
  subpackages:
  - godrv
  - mysql
  - native
testImports: []
