hash: eceb782e5c5fd27e8759da343fcfc58f63307d2ba8f77ca3deb44d69388cac21
updated: 2017-05-12T14:16:42.5692628+08:00
imports:
- name: github.com/faiface/glhf
  version: 3fbc836ef57b221d3f2e5c2bdc73b27d228c9626
- name: github.com/faiface/mainthread
  version: 7127dc8993886d1ce799086ff298ff99bf258fbf
- name: github.com/faiface/pixel
  version: 85ba21a2f42f3785ffd4be17f92dc454121fcaaa
- name: github.com/go-gl/gl
  version: 887577e03012940ff715b6af70a9ea1b9f9e60bb
  subpackages:
  - v3.3-core/gl
- name: github.com/go-gl/glfw
  version: 45517cf5568747f99bb4b0b4abae9fa3cd5f85ed
  subpackages:
  - v3.2/glfw
- name: github.com/go-gl/mathgl
  version: 9e3ea3e806141087fbb83a8a8e7038bf73eff120
  subpackages:
  - mgl32
  - mgl64
- name: github.com/pkg/errors
  version: 645ef00459ed84a119197bfb8d8205042c6df63d
- name: golang.org/x/image
  version: f483456c9f61fd7c1e170033d58ef22ff5ffe291
testImports: []
