hash: f49b289cb9be186f0ee19b3f2f775b22de9d67567808a9d482cd3a0d146b5b76
updated: 2017-05-12T15:36:28.4561876+08:00
imports:
- name: github.com/faiface/glhf
  version: 3fbc836ef57b221d3f2e5c2bdc73b27d228c9626
- name: github.com/faiface/mainthread
  version: 7127dc8993886d1ce799086ff298ff99bf258fbf
- name: github.com/faiface/pixel
  version: 85ba21a2f42f3785ffd4be17f92dc454121fcaaa
  subpackages:
  - pixelgl
- name: github.com/go-gl/gl
  version: 887577e03012940ff715b6af70a9ea1b9f9e60bb
  subpackages:
  - v3.3-core/gl
- name: github.com/go-gl/glfw
  version: 45517cf5568747f99bb4b0b4abae9fa3cd5f85ed
  subpackages:
  - v3.2/glfw
- name: github.com/go-gl/mathgl
  version: 9e3ea3e806141087fbb83a8a8e7038bf73eff120
  subpackages:
  - mgl32
  - mgl64
- name: github.com/pkg/errors
  version: 645ef00459ed84a119197bfb8d8205042c6df63d
- name: github.com/tidwall/gjson
  version: 0623bd8fbdbf97cc62b98d15108832851a658e59
- name: github.com/tidwall/match
  version: 173748da739a410c5b0b813b956f89ff94730b4c
- name: golang.org/x/image
  version: f483456c9f61fd7c1e170033d58ef22ff5ffe291
  subpackages:
  - colornames
  - math/f32
  - math/f64
testImports: []
