hash: 99c7b01396504930e2ab71f3bc289229fbd9e61a68c19ff4ae60f5fa32f6b1a2
updated: 2019-03-12T19:33:53.518708+08:00
imports:
- name: github.com/BurntSushi/toml
  version: 3012a1dbe2e4bd1391d42b32f0577cb7bbc7f005
- name: github.com/pingcap/errors
  version: 1176802fff62540cc87d289bd40c52a2d6b2ea16
- name: github.com/satori/go.uuid
  version: b2ce2384e17bbe0c6d34077efa39dbab3e09123b
- name: github.com/shopspring/decimal
  version: cd690d0c9e2447b1ef2a129a6b7b49077da89b8e
- name: github.com/siddontang/go
  version: bdc77568d726a8702315ec4eafda030b6abc4f43
  subpackages:
  - hack
- name: github.com/siddontang/go-log
  version: 1e957dd83bed18c84716181da7b80d4af48eaefe
  subpackages:
  - log
  - loggers
- name: github.com/siddontang/go-mysql
  version: c6ab05a85eb86dc51a27ceed6d2f366a32874a24
  subpackages:
  - canal
  - client
  - dump
  - mysql
  - packet
  - replication
  - schema
testImports: []
