hash: 46e8bb3c5a59cf8fa19937e5665b70e9b2211543f041493d98345e7b0dfcafe6
updated: 2017-12-14T16:14:51.031103+08:00
imports:
- name: github.com/hoisie/web
  version: a498c022b2c0babab2bf9c0400754190b24c8c39
- name: golang.org/x/crypto
  version: 94eea52f7b742c7cbe0b03b22f0c4c8631ece122
  subpackages:
  - pbkdf2
  - ssh/terminal
- name: golang.org/x/net
  version: d866cfc389cec985d6fda2859936a575a55a3ab6
  subpackages:
  - websocket
- name: golang.org/x/sys
  version: 1d2aa6dbdea45adaaebb9905d0666e4537563829
  subpackages:
  - unix
  - windows
testImports: []
