hash: dff01dba42a25e8504064497d53ce6cb586d9f91a27640e6cbd18c88faf6c597
updated: 2019-02-16T16:16:23.6044851+08:00
imports:
- name: github.com/go-sql-driver/mysql
  version: d523deb1b23d913de5bdada721a6071e71283618
- name: github.com/golang/protobuf
  version: c823c79ea1570fb5ff454033735a8e68575d1d0f
  subpackages:
  - proto
- name: google.golang.org/appengine
  version: 54a98f90d1c46b7731eb8fb305d2a321c30ef610
  subpackages:
  - cloudsql
testImports: []
